
Microsoft Visual Studio Solution File, Format Version 12.00
# Visual Studio Version 16
VisualStudioVersion = 16.0.31702.278
MinimumVisualStudioVersion = 10.0.40219.1
Project("{FAE04EC0-301F-11D3-BF4B-00C04F79EFBC}") = "composicaoCSharp", "composicaoCSharp.csproj", "{BE0EA48C-FDB3-447F-BED0-04D984C8AC9C}"
EndProject
Global
	GlobalSection(SolutionConfigurationPlatforms) = preSolution
		Debug|Any CPU = Debug|Any CPU
		Release|Any CPU = Release|Any CPU
	EndGlobalSection
	GlobalSection(ProjectConfigurationPlatforms) = postSolution
		{BE0EA48C-FDB3-447F-BED0-04D984C8AC9C}.Debug|Any CPU.ActiveCfg = Debug|Any CPU
		{BE0EA48C-FDB3-447F-BED0-04D984C8AC9C}.Debug|Any CPU.Build.0 = Debug|Any CPU
		{BE0EA48C-FDB3-447F-BED0-04D984C8AC9C}.Release|Any CPU.ActiveCfg = Release|Any CPU
		{BE0EA48C-FDB3-447F-BED0-04D984C8AC9C}.Release|Any CPU.Build.0 = Release|Any CPU
	EndGlobalSection
	GlobalSection(SolutionProperties) = preSolution
		HideSolutionNode = FALSE
	EndGlobalSection
	GlobalSection(ExtensibilityGlobals) = postSolution
		SolutionGuid = {B9B1B178-11D4-4778-B5D3-808B8D24FC63}
	EndGlobalSection
EndGlobal
